PODS:
  - Alamofire (4.5.1)
  - Koyomi (1.2.6)
  - Material (2.12.6):
    - Material/Core (= 2.12.6)
  - Material/Core (2.12.6):
    - Motion (~> 1.2.0)
  - Motion (1.2.4):
    - Motion/Core (= 1.2.4)
  - Motion/Core (1.2.4)
  - ObjectMapper (3.0.0)
  - RxCocoa (4.0.0):
    - RxSwift (~> 4.0)
  - RxSwift (4.0.0)

DEPENDENCIES:
  - Alamofire
  - Koyomi
  - Material
  - ObjectMapper
  - RxCocoa
  - RxSwift

SPEC CHECKSUMS:
  Alamofire: 2d95912bf4c34f164fdfc335872e8c312acaea4a
  Koyomi: 23b8ab68982d4efe7d7f32ec525e6b04c986db38
  Material: 590fe1e46a9b3615d0e734860085eca8b50f401b
  Motion: ea6cc1d43e7b9c99819bfe91f6aee2500e208fc4
  ObjectMapper: 92230db59bf8f341a5c3a3cf0b9fbdde3cf0d87f
  RxCocoa: d62846ca96495d862fa4c59ea7d87e5031d7340e
  RxSwift: fd680d75283beb5e2559486f3c0ff852f0d35334

PODFILE CHECKSUM: 6fe19d2a858028d7a58c5392f481c528c1cc6c66

COCOAPODS: 1.4.0.beta.2
